PODS:
  - Alamofire (4.4.0)
  - JSQDataSourcesKit (6.0.0)
  - SwiftyJSON (3.1.4)

DEPENDENCIES:
  - Alamofire (~> 4.4)
  - JSQDataSourcesKit
  - SwiftyJSON

SPEC CHECKSUMS:
  Alamofire: dc44b1600b800eb63da6a19039a0083d62a6a62d
  JSQDataSourcesKit: 20cda71984408006b4c3e0cf224343fd1a913d58
  SwiftyJSON: c2842d878f95482ffceec5709abc3d05680c0220

PODFILE CHECKSUM: c6fca05d1b05970887f546b5c8e1a89c99455bb0

COCOAPODS: 1.2.1
