// !$*UTF8*$!
{
	archiveVersion = 1;
	classes = {
	};
	objectVersion = 46;
	objects = {

/* Begin PBXBuildFile section */
		F6646512E1C4FCCC3304D9F7 /* Pods_SongsTest.framework in Frameworks */ = {isa = PBXBuildFile; fileRef = BCCFA036C1023080532C7CFD /* Pods_SongsTest.framework */; };
		FAC4193D1EB54BF50074E320 /* AppDelegate.swift in Sources */ = {isa = PBXBuildFile; fileRef = FAC4193C1EB54BF50074E320 /* AppDelegate.swift */; };
		FAC419421EB54BF50074E320 /* Main.storyboard in Resources */ = {isa = PBXBuildFile; fileRef = FAC419401EB54BF50074E320 /* Main.storyboard */; };
		FAC419451EB54BF50074E320 /* SongsTest.xcdatamodeld in Sources */ = {isa = PBXBuildFile; fileRef = FAC419431EB54BF50074E320 /* SongsTest.xcdatamodeld */; };
		FAC419471EB54BF50074E320 /* Assets.xcassets in Resources */ = {isa = PBXBuildFile; fileRef = FAC419461EB54BF50074E320 /* Assets.xcassets */; };
		FAC4194A1EB54BF50074E320 /* LaunchScreen.storyboard in Resources */ = {isa = PBXBuildFile; fileRef = FAC419481EB54BF50074E320 /* LaunchScreen.storyboard */; };
		FAC419551EB54BF50074E320 /* SongsTestTests.swift in Sources */ = {isa = PBXBuildFile; fileRef = FAC419541EB54BF50074E320 /* SongsTestTests.swift */; };
		FAC419601EB54BF50074E320 /* SongsTestUITests.swift in Sources */ = {isa = PBXBuildFile; fileRef = FAC4195F1EB54BF50074E320 /* SongsTestUITests.swift */; };
		FAC4196E1EB5CAAB0074E320 /* DataBaseManager.swift in Sources */ = {isa = PBXBuildFile; fileRef = FAC4196D1EB5CAAB0074E320 /* DataBaseManager.swift */; };
		FAC419701EB5CEFB0074E320 /* NetworkManager.swift in Sources */ = {isa = PBXBuildFile; fileRef = FAC4196F1EB5CEFB0074E320 /* NetworkManager.swift */; };
		FAC419721EB5D4580074E320 /* SongsListServerModel.swift in Sources */ = {isa = PBXBuildFile; fileRef = FAC419711EB5D4580074E320 /* SongsListServerModel.swift */; };
		FAC419741EB5DA170074E320 /* SongServerModel.swift in Sources */ = {isa = PBXBuildFile; fileRef = FAC419731EB5DA170074E320 /* SongServerModel.swift */; };
		FAC419791EB5DBE60074E320 /* SongDataBaseModel.swift in Sources */ = {isa = PBXBuildFile; fileRef = FAC419781EB5DBE60074E320 /* SongDataBaseModel.swift */; };
		FAC419811EB5E0C10074E320 /* SongCell.swift in Sources */ = {isa = PBXBuildFile; fileRef = FAC4197F1EB5E0C10074E320 /* SongCell.swift */; };
		FAC419841EB5E28D0074E320 /* SongListViewController.swift in Sources */ = {isa = PBXBuildFile; fileRef = FAC419831EB5E28D0074E320 /* SongListViewController.swift */; };
		FAC419861EB5E3210074E320 /* SongViewModel.swift in Sources */ = {isa = PBXBuildFile; fileRef = FAC419851EB5E3210074E320 /* SongViewModel.swift */; };
		FAC419891EB5FADA0074E320 /* SongListViewModel.swift in Sources */ = {isa = PBXBuildFile; fileRef = FAC419881EB5FADA0074E320 /* SongListViewModel.swift */; };
		FAC4198B1EB635280074E320 /* DictionaryExtentions.swift in Sources */ = {isa = PBXBuildFile; fileRef = FAC4198A1EB635280074E320 /* DictionaryExtentions.swift */; };
		FAC4198D1EB63F410074E320 /* DataBaseModel.swift in Sources */ = {isa = PBXBuildFile; fileRef = FAC4198C1EB63F410074E320 /* DataBaseModel.swift */; };
		FAC4198F1EB641760074E320 /* ViewModelManager.swift in Sources */ = {isa = PBXBuildFile; fileRef = FAC4198E1EB641760074E320 /* ViewModelManager.swift */; };
		FAC419D01EB660DA0074E320 /* CollectionViewReactiveExtentions.swift in Sources */ = {isa = PBXBuildFile; fileRef = FAC419CF1EB660DA0074E320 /* CollectionViewReactiveExtentions.swift */; };
		FAC419D31EB7305C0074E320 /* UIApplicationReactiveExtensions.swift in Sources */ = {isa = PBXBuildFile; fileRef = FAC419D21EB7305C0074E320 /* UIApplicationReactiveExtensions.swift */; };
		FAC419D81EB749960074E320 /* Helpers.swift in Sources */ = {isa = PBXBuildFile; fileRef = FAC419D71EB749960074E320 /* Helpers.swift */; };
/* End PBXBuildFile section */

/* Begin PBXContainerItemProxy section */
		FAC419511EB54BF50074E320 /* PBXContainerItemProxy */ = {
			isa = PBXContainerItemProxy;
			containerPortal = FAC419311EB54BF50074E320 /* Project object */;
			proxyType = 1;
			remoteGlobalIDString = FAC419381EB54BF50074E320;
			remoteInfo = SongsTest;
		};
		FAC4195C1EB54BF50074E320 /* PBXContainerItemProxy */ = {
			isa = PBXContainerItemProxy;
			containerPortal = FAC419311EB54BF50074E320 /* Project object */;
			proxyType = 1;
			remoteGlobalIDString = FAC419381EB54BF50074E320;
			remoteInfo = SongsTest;
		};
/* End PBXContainerItemProxy section */

/* Begin PBXFileReference section */
		95A2A8DFB860FF58E3E3A164 /* Pods-SongsTest.release.xcconfig */ = {isa = PBXFileReference; includeInIndex = 1; lastKnownFileType = text.xcconfig; name = "Pods-SongsTest.release.xcconfig"; path = "Pods/Target Support Files/Pods-SongsTest/Pods-SongsTest.release.xcconfig"; sourceTree = "<group>"; };
		BCCFA036C1023080532C7CFD /* Pods_SongsTest.framework */ = {isa = PBXFileReference; explicitFileType = wrapper.framework; includeInIndex = 0; path = Pods_SongsTest.framework; sourceTree = BUILT_PRODUCTS_DIR; };
		D3EF47762BCE15145CC3F336 /* Pods-SongsTest.debug.xcconfig */ = {isa = PBXFileReference; includeInIndex = 1; lastKnownFileType = text.xcconfig; name = "Pods-SongsTest.debug.xcconfig"; path = "Pods/Target Support Files/Pods-SongsTest/Pods-SongsTest.debug.xcconfig"; sourceTree = "<group>"; };
		FAC419391EB54BF50074E320 /* SongsTest.app */ = {isa = PBXFileReference; explicitFileType = wrapper.application; includeInIndex = 0; path = SongsTest.app; sourceTree = BUILT_PRODUCTS_DIR; };
		FAC4193C1EB54BF50074E320 /* AppDelegate.swift */ = {isa = PBXFileReference; lastKnownFileType = sourcecode.swift; path = AppDelegate.swift; sourceTree = "<group>"; };
		FAC419411EB54BF50074E320 /* Base */ = {isa = PBXFileReference; lastKnownFileType = file.storyboard; name = Base; path = Base.lproj/Main.storyboard; sourceTree = "<group>"; };
		FAC419441EB54BF50074E320 /* SongsTest.xcdatamodel */ = {isa = PBXFileReference; lastKnownFileType = wrapper.xcdatamodel; path = SongsTest.xcdatamodel; sourceTree = "<group>"; };
		FAC419461EB54BF50074E320 /* Assets.xcassets */ = {isa = PBXFileReference; lastKnownFileType = folder.assetcatalog; path = Assets.xcassets; sourceTree = "<group>"; };
		FAC419491EB54BF50074E320 /* Base */ = {isa = PBXFileReference; lastKnownFileType = file.storyboard; name = Base; path = Base.lproj/LaunchScreen.storyboard; sourceTree = "<group>"; };
		FAC4194B1EB54BF50074E320 /* Info.plist */ = {isa = PBXFileReference; lastKnownFileType = text.plist.xml; path = Info.plist; sourceTree = "<group>"; };
		FAC419501EB54BF50074E320 /* SongsTestTests.xctest */ = {isa = PBXFileReference; explicitFileType = wrapper.cfbundle; includeInIndex = 0; path = SongsTestTests.xctest; sourceTree = BUILT_PRODUCTS_DIR; };
		FAC419541EB54BF50074E320 /* SongsTestTests.swift */ = {isa = PBXFileReference; lastKnownFileType = sourcecode.swift; path = SongsTestTests.swift; sourceTree = "<group>"; };
		FAC419561EB54BF50074E320 /* Info.plist */ = {isa = PBXFileReference; lastKnownFileType = text.plist.xml; path = Info.plist; sourceTree = "<group>"; };
		FAC4195B1EB54BF50074E320 /* SongsTestUITests.xctest */ = {isa = PBXFileReference; explicitFileType = wrapper.cfbundle; includeInIndex = 0; path = SongsTestUITests.xctest; sourceTree = BUILT_PRODUCTS_DIR; };
		FAC4195F1EB54BF50074E320 /* SongsTestUITests.swift */ = {isa = PBXFileReference; lastKnownFileType = sourcecode.swift; path = SongsTestUITests.swift; sourceTree = "<group>"; };
		FAC419611EB54BF50074E320 /* Info.plist */ = {isa = PBXFileReference; lastKnownFileType = text.plist.xml; path = Info.plist; sourceTree = "<group>"; };
		FAC4196D1EB5CAAB0074E320 /* DataBaseManager.swift */ = {isa = PBXFileReference; fileEncoding = 4; lastKnownFileType = sourcecode.swift; path = DataBaseManager.swift; sourceTree = "<group>"; };
		FAC4196F1EB5CEFB0074E320 /* NetworkManager.swift */ = {isa = PBXFileReference; fileEncoding = 4; lastKnownFileType = sourcecode.swift; path = NetworkManager.swift; sourceTree = "<group>"; };
		FAC419711EB5D4580074E320 /* SongsListServerModel.swift */ = {isa = PBXFileReference; fileEncoding = 4; lastKnownFileType = sourcecode.swift; path = SongsListServerModel.swift; sourceTree = "<group>"; };
		FAC419731EB5DA170074E320 /* SongServerModel.swift */ = {isa = PBXFileReference; fileEncoding = 4; lastKnownFileType = sourcecode.swift; path = SongServerModel.swift; sourceTree = "<group>"; };
		FAC419781EB5DBE60074E320 /* SongDataBaseModel.swift */ = {isa = PBXFileReference; fileEncoding = 4; lastKnownFileType = sourcecode.swift; path = SongDataBaseModel.swift; sourceTree = "<group>"; };
		FAC4197F1EB5E0C10074E320 /* SongCell.swift */ = {isa = PBXFileReference; fileEncoding = 4; lastKnownFileType = sourcecode.swift; path = SongCell.swift; sourceTree = "<group>"; };
		FAC419831EB5E28D0074E320 /* SongListViewController.swift */ = {isa = PBXFileReference; fileEncoding = 4; lastKnownFileType = sourcecode.swift; path = SongListViewController.swift; sourceTree = "<group>"; };
		FAC419851EB5E3210074E320 /* SongViewModel.swift */ = {isa = PBXFileReference; fileEncoding = 4; lastKnownFileType = sourcecode.swift; path = SongViewModel.swift; sourceTree = "<group>"; };
		FAC419881EB5FADA0074E320 /* SongListViewModel.swift */ = {isa = PBXFileReference; fileEncoding = 4; lastKnownFileType = sourcecode.swift; path = SongListViewModel.swift; sourceTree = "<group>"; };
		FAC4198A1EB635280074E320 /* DictionaryExtentions.swift */ = {isa = PBXFileReference; fileEncoding = 4; lastKnownFileType = sourcecode.swift; path = DictionaryExtentions.swift; sourceTree = "<group>"; };
		FAC4198C1EB63F410074E320 /* DataBaseModel.swift */ = {isa = PBXFileReference; fileEncoding = 4; lastKnownFileType = sourcecode.swift; path = DataBaseModel.swift; sourceTree = "<group>"; };
		FAC4198E1EB641760074E320 /* ViewModelManager.swift */ = {isa = PBXFileReference; fileEncoding = 4; lastKnownFileType = sourcecode.swift; path = ViewModelManager.swift; sourceTree = "<group>"; };
		FAC419CF1EB660DA0074E320 /* CollectionViewReactiveExtentions.swift */ = {isa = PBXFileReference; fileEncoding = 4; lastKnownFileType = sourcecode.swift; path = CollectionViewReactiveExtentions.swift; sourceTree = "<group>"; };
		FAC419D21EB7305C0074E320 /* UIApplicationReactiveExtensions.swift */ = {isa = PBXFileReference; fileEncoding = 4; lastKnownFileType = sourcecode.swift; path = UIApplicationReactiveExtensions.swift; sourceTree = "<group>"; };
		FAC419D71EB749960074E320 /* Helpers.swift */ = {isa = PBXFileReference; fileEncoding = 4; lastKnownFileType = sourcecode.swift; path = Helpers.swift; sourceTree = "<group>"; };
/* End PBXFileReference section */

/* Begin PBXFrameworksBuildPhase section */
		FAC419361EB54BF50074E320 /* Frameworks */ = {
			isa = PBXFrameworksBuildPhase;
			buildActionMask = 2147483647;
			files = (
				F6646512E1C4FCCC3304D9F7 /* Pods_SongsTest.framework in Frameworks */,
			);
			runOnlyForDeploymentPostprocessing = 0;
		};
		FAC4194D1EB54BF50074E320 /* Frameworks */ = {
			isa = PBXFrameworksBuildPhase;
			buildActionMask = 2147483647;
			files = (
			);
			runOnlyForDeploymentPostprocessing = 0;
		};
		FAC419581EB54BF50074E320 /* Frameworks */ = {
			isa = PBXFrameworksBuildPhase;
			buildActionMask = 2147483647;
			files = (
			);
			runOnlyForDeploymentPostprocessing = 0;
		};
/* End PBXFrameworksBuildPhase section */

/* Begin PBXGroup section */
		766E4A31F81783F2B7A37078 /* Pods */ = {
			isa = PBXGroup;
			children = (
				D3EF47762BCE15145CC3F336 /* Pods-SongsTest.debug.xcconfig */,
				95A2A8DFB860FF58E3E3A164 /* Pods-SongsTest.release.xcconfig */,
			);
			name = Pods;
			sourceTree = "<group>";
		};
		CDAC64EF1D473CAC4D24ADBB /* Frameworks */ = {
			isa = PBXGroup;
			children = (
				BCCFA036C1023080532C7CFD /* Pods_SongsTest.framework */,
			);
			name = Frameworks;
			sourceTree = "<group>";
		};
		FAC419301EB54BF50074E320 = {
			isa = PBXGroup;
			children = (
				FAC4193B1EB54BF50074E320 /* SongsTest */,
				FAC419531EB54BF50074E320 /* SongsTestTests */,
				FAC4195E1EB54BF50074E320 /* SongsTestUITests */,
				FAC4193A1EB54BF50074E320 /* Products */,
				766E4A31F81783F2B7A37078 /* Pods */,
				CDAC64EF1D473CAC4D24ADBB /* Frameworks */,
			);
			sourceTree = "<group>";
		};
		FAC4193A1EB54BF50074E320 /* Products */ = {
			isa = PBXGroup;
			children = (
				FAC419391EB54BF50074E320 /* SongsTest.app */,
				FAC419501EB54BF50074E320 /* SongsTestTests.xctest */,
				FAC4195B1EB54BF50074E320 /* SongsTestUITests.xctest */,
			);
			name = Products;
			sourceTree = "<group>";
		};
		FAC4193B1EB54BF50074E320 /* SongsTest */ = {
			isa = PBXGroup;
			children = (
				FAC4193C1EB54BF50074E320 /* AppDelegate.swift */,
				FAC419751EB5DB7C0074E320 /* Managers */,
				FAC419761EB5DB8B0074E320 /* Models */,
				FAC419871EB5E3290074E320 /* ViewModels */,
				FAC4197B1EB5DC6E0074E320 /* Views */,
				FAC4197E1EB5DCB80074E320 /* SuportFiles */,
				FAC4197D1EB5DC9A0074E320 /* CoreData */,
				FAC4198A1EB635280074E320 /* DictionaryExtentions.swift */,
				FAC419D71EB749960074E320 /* Helpers.swift */,
			);
			path = SongsTest;
			sourceTree = "<group>";
		};
		FAC419531EB54BF50074E320 /* SongsTestTests */ = {
			isa = PBXGroup;
			children = (
				FAC419541EB54BF50074E320 /* SongsTestTests.swift */,
				FAC419561EB54BF50074E320 /* Info.plist */,
			);
			path = SongsTestTests;
			sourceTree = "<group>";
		};
		FAC4195E1EB54BF50074E320 /* SongsTestUITests */ = {
			isa = PBXGroup;
			children = (
				FAC4195F1EB54BF50074E320 /* SongsTestUITests.swift */,
				FAC419611EB54BF50074E320 /* Info.plist */,
			);
			path = SongsTestUITests;
			sourceTree = "<group>";
		};
		FAC419751EB5DB7C0074E320 /* Managers */ = {
			isa = PBXGroup;
			children = (
				FAC4196D1EB5CAAB0074E320 /* DataBaseManager.swift */,
				FAC4196F1EB5CEFB0074E320 /* NetworkManager.swift */,
				FAC4198E1EB641760074E320 /* ViewModelManager.swift */,
			);
			name = Managers;
			sourceTree = "<group>";
		};
		FAC419761EB5DB8B0074E320 /* Models */ = {
			isa = PBXGroup;
			children = (
				FAC419771EB5DB950074E320 /* ServerModels */,
				FAC4197A1EB5DBFA0074E320 /* DBModels */,
			);
			name = Models;
			sourceTree = "<group>";
		};
		FAC419771EB5DB950074E320 /* ServerModels */ = {
			isa = PBXGroup;
			children = (
				FAC419711EB5D4580074E320 /* SongsListServerModel.swift */,
				FAC419731EB5DA170074E320 /* SongServerModel.swift */,
			);
			name = ServerModels;
			sourceTree = "<group>";
		};
		FAC4197A1EB5DBFA0074E320 /* DBModels */ = {
			isa = PBXGroup;
			children = (
				FAC419781EB5DBE60074E320 /* SongDataBaseModel.swift */,
				FAC4198C1EB63F410074E320 /* DataBaseModel.swift */,
			);
			name = DBModels;
			sourceTree = "<group>";
		};
		FAC4197B1EB5DC6E0074E320 /* Views */ = {
			isa = PBXGroup;
			children = (
				FAC419831EB5E28D0074E320 /* SongListViewController.swift */,
				FAC4197F1EB5E0C10074E320 /* SongCell.swift */,
				FAC419401EB54BF50074E320 /* Main.storyboard */,
				FAC4197C1EB5DC8A0074E320 /* LaunchScreen */,
				FAC419D11EB7302A0074E320 /* UIReactiveExtensions */,
			);
			name = Views;
			sourceTree = "<group>";
		};
		FAC4197C1EB5DC8A0074E320 /* LaunchScreen */ = {
			isa = PBXGroup;
			children = (
				FAC419481EB54BF50074E320 /* LaunchScreen.storyboard */,
			);
			name = LaunchScreen;
			sourceTree = "<group>";
		};
		FAC4197D1EB5DC9A0074E320 /* CoreData */ = {
			isa = PBXGroup;
			children = (
				FAC419431EB54BF50074E320 /* SongsTest.xcdatamodeld */,
			);
			name = CoreData;
			sourceTree = "<group>";
		};
		FAC4197E1EB5DCB80074E320 /* SuportFiles */ = {
			isa = PBXGroup;
			children = (
				FAC419461EB54BF50074E320 /* Assets.xcassets */,
				FAC4194B1EB54BF50074E320 /* Info.plist */,
			);
			name = SuportFiles;
			sourceTree = "<group>";
		};
		FAC419871EB5E3290074E320 /* ViewModels */ = {
			isa = PBXGroup;
			children = (
				FAC419851EB5E3210074E320 /* SongViewModel.swift */,
				FAC419881EB5FADA0074E320 /* SongListViewModel.swift */,
			);
			name = ViewModels;
			sourceTree = "<group>";
		};
		FAC419D11EB7302A0074E320 /* UIReactiveExtensions */ = {
			isa = PBXGroup;
			children = (
				FAC419CF1EB660DA0074E320 /* CollectionViewReactiveExtentions.swift */,
				FAC419D21EB7305C0074E320 /* UIApplicationReactiveExtensions.swift */,
			);
			name = UIReactiveExtensions;
			sourceTree = "<group>";
		};
/* End PBXGroup section */

/* Begin PBXNativeTarget section */
		FAC419381EB54BF50074E320 /* SongsTest */ = {
			isa = PBXNativeTarget;
			buildConfigurationList = FAC419641EB54BF50074E320 /* Build configuration list for PBXNativeTarget "SongsTest" */;
			buildPhases = (
				40C84A6F04B1A71677B401DA /* [CP] Check Pods Manifest.lock */,
				FAC419351EB54BF50074E320 /* Sources */,
				FAC419361EB54BF50074E320 /* Frameworks */,
				FAC419371EB54BF50074E320 /* Resources */,
				4C50D464EEEECD8BA508A24E /* [CP] Embed Pods Frameworks */,
				291D88310639ACACC6EF6F23 /* [CP] Copy Pods Resources */,
			);
			buildRules = (
			);
			dependencies = (
			);
			name = SongsTest;
			productName = SongsTest;
			productReference = FAC419391EB54BF50074E320 /* SongsTest.app */;
			productType = "com.apple.product-type.application";
		};
		FAC4194F1EB54BF50074E320 /* SongsTestTests */ = {
			isa = PBXNativeTarget;
			buildConfigurationList = FAC419671EB54BF50074E320 /* Build configuration list for PBXNativeTarget "SongsTestTests" */;
			buildPhases = (
				FAC4194C1EB54BF50074E320 /* Sources */,
				FAC4194D1EB54BF50074E320 /* Frameworks */,
				FAC4194E1EB54BF50074E320 /* Resources */,
			);
			buildRules = (
			);
			dependencies = (
				FAC419521EB54BF50074E320 /* PBXTargetDependency */,
			);
			name = SongsTestTests;
			productName = SongsTestTests;
			productReference = FAC419501EB54BF50074E320 /* SongsTestTests.xctest */;
			productType = "com.apple.product-type.bundle.unit-test";
		};
		FAC4195A1EB54BF50074E320 /* SongsTestUITests */ = {
			isa = PBXNativeTarget;
			buildConfigurationList = FAC4196A1EB54BF50074E320 /* Build configuration list for PBXNativeTarget "SongsTestUITests" */;
			buildPhases = (
				FAC419571EB54BF50074E320 /* Sources */,
				FAC419581EB54BF50074E320 /* Frameworks */,
				FAC419591EB54BF50074E320 /* Resources */,
			);
			buildRules = (
			);
			dependencies = (
				FAC4195D1EB54BF50074E320 /* PBXTargetDependency */,
			);
			name = SongsTestUITests;
			productName = SongsTestUITests;
			productReference = FAC4195B1EB54BF50074E320 /* SongsTestUITests.xctest */;
			productType = "com.apple.product-type.bundle.ui-testing";
		};
/* End PBXNativeTarget section */

/* Begin PBXProject section */
		FAC419311EB54BF50074E320 /* Project object */ = {
			isa = PBXProject;
			attributes = {
				LastSwiftUpdateCheck = 0820;
				LastUpgradeCheck = 0820;
				ORGANIZATIONNAME = Alex;
				TargetAttributes = {
					FAC419381EB54BF50074E320 = {
						CreatedOnToolsVersion = 8.2.1;
						DevelopmentTeam = 734U73WU5K;
						ProvisioningStyle = Automatic;
					};
					FAC4194F1EB54BF50074E320 = {
						CreatedOnToolsVersion = 8.2.1;
						DevelopmentTeam = 734U73WU5K;
						ProvisioningStyle = Automatic;
						TestTargetID = FAC419381EB54BF50074E320;
					};
					FAC4195A1EB54BF50074E320 = {
						CreatedOnToolsVersion = 8.2.1;
						DevelopmentTeam = 734U73WU5K;
						ProvisioningStyle = Automatic;
						TestTargetID = FAC419381EB54BF50074E320;
					};
				};
			};
			buildConfigurationList = FAC419341EB54BF50074E320 /* Build configuration list for PBXProject "SongsTest" */;
			compatibilityVersion = "Xcode 3.2";
			developmentRegion = English;
			hasScannedForEncodings = 0;
			knownRegions = (
				en,
				Base,
			);
			mainGroup = FAC419301EB54BF50074E320;
			productRefGroup = FAC4193A1EB54BF50074E320 /* Products */;
			projectDirPath = "";
			projectRoot = "";
			targets = (
				FAC419381EB54BF50074E320 /* SongsTest */,
				FAC4194F1EB54BF50074E320 /* SongsTestTests */,
				FAC4195A1EB54BF50074E320 /* SongsTestUITests */,
			);
		};
/* End PBXProject section */

/* Begin PBXResourcesBuildPhase section */
		FAC419371EB54BF50074E320 /* Resources */ = {
			isa = PBXResourcesBuildPhase;
			buildActionMask = 2147483647;
			files = (
				FAC4194A1EB54BF50074E320 /* LaunchScreen.storyboard in Resources */,
				FAC419471EB54BF50074E320 /* Assets.xcassets in Resources */,
				FAC419421EB54BF50074E320 /* Main.storyboard in Resources */,
			);
			runOnlyForDeploymentPostprocessing = 0;
		};
		FAC4194E1EB54BF50074E320 /* Resources */ = {
			isa = PBXResourcesBuildPhase;
			buildActionMask = 2147483647;
			files = (
			);
			runOnlyForDeploymentPostprocessing = 0;
		};
		FAC419591EB54BF50074E320 /* Resources */ = {
			isa = PBXResourcesBuildPhase;
			buildActionMask = 2147483647;
			files = (
			);
			runOnlyForDeploymentPostprocessing = 0;
		};
/* End PBXResourcesBuildPhase section */

/* Begin PBXShellScriptBuildPhase section */
		291D88310639ACACC6EF6F23 /* [CP] Copy Pods Resources */ = {
			isa = PBXShellScriptBuildPhase;
			buildActionMask = 2147483647;
			files = (
			);
			inputPaths = (
			);
			name = "[CP] Copy Pods Resources";
			outputPaths = (
			);
			runOnlyForDeploymentPostprocessing = 0;
			shellPath = /bin/sh;
			shellScript = "\"${SRCROOT}/Pods/Target Support Files/Pods-SongsTest/Pods-SongsTest-resources.sh\"\n";
			showEnvVarsInLog = 0;
		};
		40C84A6F04B1A71677B401DA /* [CP] Check Pods Manifest.lock */ = {
			isa = PBXShellScriptBuildPhase;
			buildActionMask = 2147483647;
			files = (
			);
			inputPaths = (
			);
			name = "[CP] Check Pods Manifest.lock";
			outputPaths = (
			);
			runOnlyForDeploymentPostprocessing = 0;
			shellPath = /bin/sh;
			shellScript = "diff \"${PODS_PODFILE_DIR_PATH}/Podfile.lock\" \"${PODS_ROOT}/Manifest.lock\" > /dev/null\nif [ $? != 0 ] ; then\n    # print error to STDERR\n    echo \"error: The sandbox is not in sync with the Podfile.lock. Run 'pod install' or update your CocoaPods installation.\" >&2\n    exit 1\nfi\n";
			showEnvVarsInLog = 0;
		};
		4C50D464EEEECD8BA508A24E /* [CP] Embed Pods Frameworks */ = {
			isa = PBXShellScriptBuildPhase;
			buildActionMask = 2147483647;
			files = (
			);
			inputPaths = (
			);
			name = "[CP] Embed Pods Frameworks";
			outputPaths = (
			);
			runOnlyForDeploymentPostprocessing = 0;
			shellPath = /bin/sh;
			shellScript = "\"${SRCROOT}/Pods/Target Support Files/Pods-SongsTest/Pods-SongsTest-frameworks.sh\"\n";
			showEnvVarsInLog = 0;
		};
/* End PBXShellScriptBuildPhase section */

/* Begin PBXSourcesBuildPhase section */
		FAC419351EB54BF50074E320 /* Sources */ = {
			isa = PBXSourcesBuildPhase;
			buildActionMask = 2147483647;
			files = (
				FAC4198B1EB635280074E320 /* DictionaryExtentions.swift in Sources */,
				FAC4196E1EB5CAAB0074E320 /* DataBaseManager.swift in Sources */,
				FAC4198F1EB641760074E320 /* ViewModelManager.swift in Sources */,
				FAC419701EB5CEFB0074E320 /* NetworkManager.swift in Sources */,
				FAC419891EB5FADA0074E320 /* SongListViewModel.swift in Sources */,
				FAC419D31EB7305C0074E320 /* UIApplicationReactiveExtensions.swift in Sources */,
				FAC419841EB5E28D0074E320 /* SongListViewController.swift in Sources */,
				FAC419811EB5E0C10074E320 /* SongCell.swift in Sources */,
				FAC419721EB5D4580074E320 /* SongsListServerModel.swift in Sources */,
				FAC4193D1EB54BF50074E320 /* AppDelegate.swift in Sources */,
				FAC419D81EB749960074E320 /* Helpers.swift in Sources */,
				FAC419D01EB660DA0074E320 /* CollectionViewReactiveExtentions.swift in Sources */,
				FAC419741EB5DA170074E320 /* SongServerModel.swift in Sources */,
				FAC419451EB54BF50074E320 /* SongsTest.xcdatamodeld in Sources */,
				FAC4198D1EB63F410074E320 /* DataBaseModel.swift in Sources */,
				FAC419791EB5DBE60074E320 /* SongDataBaseModel.swift in Sources */,
				FAC419861EB5E3210074E320 /* SongViewModel.swift in Sources */,
			);
			runOnlyForDeploymentPostprocessing = 0;
		};
		FAC4194C1EB54BF50074E320 /* Sources */ = {
			isa = PBXSourcesBuildPhase;
			buildActionMask = 2147483647;
			files = (
				FAC419551EB54BF50074E320 /* SongsTestTests.swift in Sources */,
			);
			runOnlyForDeploymentPostprocessing = 0;
		};
		FAC419571EB54BF50074E320 /* Sources */ = {
			isa = PBXSourcesBuildPhase;
			buildActionMask = 2147483647;
			files = (
				FAC419601EB54BF50074E320 /* SongsTestUITests.swift in Sources */,
			);
			runOnlyForDeploymentPostprocessing = 0;
		};
/* End PBXSourcesBuildPhase section */

/* Begin PBXTargetDependency section */
		FAC419521EB54BF50074E320 /* PBXTargetDependency */ = {
			isa = PBXTargetDependency;
			target = FAC419381EB54BF50074E320 /* SongsTest */;
			targetProxy = FAC419511EB54BF50074E320 /* PBXContainerItemProxy */;
		};
		FAC4195D1EB54BF50074E320 /* PBXTargetDependency */ = {
			isa = PBXTargetDependency;
			target = FAC419381EB54BF50074E320 /* SongsTest */;
			targetProxy = FAC4195C1EB54BF50074E320 /* PBXContainerItemProxy */;
		};
/* End PBXTargetDependency section */

/* Begin PBXVariantGroup section */
		FAC419401EB54BF50074E320 /* Main.storyboard */ = {
			isa = PBXVariantGroup;
			children = (
				FAC419411EB54BF50074E320 /* Base */,
			);
			name = Main.storyboard;
			sourceTree = "<group>";
		};
		FAC419481EB54BF50074E320 /* LaunchScreen.storyboard */ = {
			isa = PBXVariantGroup;
			children = (
				FAC419491EB54BF50074E320 /* Base */,
			);
			name = LaunchScreen.storyboard;
			sourceTree = "<group>";
		};
/* End PBXVariantGroup section */

/* Begin XCBuildConfiguration section */
		FAC419621EB54BF50074E320 /* Debug */ = {
			isa = XCBuildConfiguration;
			buildSettings = {
				ALWAYS_SEARCH_USER_PATHS = NO;
				CLANG_ANALYZER_NONNULL = YES;
				CLANG_CXX_LANGUAGE_STANDARD = "gnu++0x";
				CLANG_CXX_LIBRARY = "libc++";
				CLANG_ENABLE_MODULES = YES;
				CLANG_ENABLE_OBJC_ARC = YES;
				CLANG_WARN_BOOL_CONVERSION = YES;
				CLANG_WARN_CONSTANT_CONVERSION = YES;
				CLANG_WARN_DIRECT_OBJC_ISA_USAGE = YES_ERROR;
				CLANG_WARN_DOCUMENTATION_COMMENTS = YES;
				CLANG_WARN_EMPTY_BODY = YES;
				CLANG_WARN_ENUM_CONVERSION = YES;
				CLANG_WARN_INFINITE_RECURSION = YES;
				CLANG_WARN_INT_CONVERSION = YES;
				CLANG_WARN_OBJC_ROOT_CLASS = YES_ERROR;
				CLANG_WARN_SUSPICIOUS_MOVE = YES;
				CLANG_WARN_UNREACHABLE_CODE = YES;
				CLANG_WARN__DUPLICATE_METHOD_MATCH = YES;
				"CODE_SIGN_IDENTITY[sdk=iphoneos*]" = "iPhone Developer";
				COPY_PHASE_STRIP = NO;
				DEBUG_INFORMATION_FORMAT = dwarf;
				ENABLE_STRICT_OBJC_MSGSEND = YES;
				ENABLE_TESTABILITY = YES;
				GCC_C_LANGUAGE_STANDARD = gnu99;
				GCC_DYNAMIC_NO_PIC = NO;
				GCC_NO_COMMON_BLOCKS = YES;
				GCC_OPTIMIZATION_LEVEL = 0;
				GCC_PREPROCESSOR_DEFINITIONS = (
					"DEBUG=1",
					"$(inherited)",
				);
				GCC_WARN_64_TO_32_BIT_CONVERSION = YES;
				GCC_WARN_ABOUT_RETURN_TYPE = YES_ERROR;
				GCC_WARN_UNDECLARED_SELECTOR = YES;
				GCC_WARN_UNINITIALIZED_AUTOS = YES_AGGRESSIVE;
				GCC_WARN_UNUSED_FUNCTION = YES;
				GCC_WARN_UNUSED_VARIABLE = YES;
				IPHONEOS_DEPLOYMENT_TARGET = 10.2;
				MTL_ENABLE_DEBUG_INFO = YES;
				ONLY_ACTIVE_ARCH = YES;
				SDKROOT = iphoneos;
				SWIFT_ACTIVE_COMPILATION_CONDITIONS = DEBUG;
				SWIFT_OPTIMIZATION_LEVEL = "-Onone";
				TARGETED_DEVICE_FAMILY = "1,2";
			};
			name = Debug;
		};
		FAC419631EB54BF50074E320 /* Release */ = {
			isa = XCBuildConfiguration;
			buildSettings = {
				ALWAYS_SEARCH_USER_PATHS = NO;
				CLANG_ANALYZER_NONNULL = YES;
				CLANG_CXX_LANGUAGE_STANDARD = "gnu++0x";
				CLANG_CXX_LIBRARY = "libc++";
				CLANG_ENABLE_MODULES = YES;
				CLANG_ENABLE_OBJC_ARC = YES;
				CLANG_WARN_BOOL_CONVERSION = YES;
				CLANG_WARN_CONSTANT_CONVERSION = YES;
				CLANG_WARN_DIRECT_OBJC_ISA_USAGE = YES_ERROR;
				CLANG_WARN_DOCUMENTATION_COMMENTS = YES;
				CLANG_WARN_EMPTY_BODY = YES;
				CLANG_WARN_ENUM_CONVERSION = YES;
				CLANG_WARN_INFINITE_RECURSION = YES;
				CLANG_WARN_INT_CONVERSION = YES;
				CLANG_WARN_OBJC_ROOT_CLASS = YES_ERROR;
				CLANG_WARN_SUSPICIOUS_MOVE = YES;
				CLANG_WARN_UNREACHABLE_CODE = YES;
				CLANG_WARN__DUPLICATE_METHOD_MATCH = YES;
				"CODE_SIGN_IDENTITY[sdk=iphoneos*]" = "iPhone Developer";
				COPY_PHASE_STRIP = NO;
				DEBUG_INFORMATION_FORMAT = "dwarf-with-dsym";
				ENABLE_NS_ASSERTIONS = NO;
				ENABLE_STRICT_OBJC_MSGSEND = YES;
				GCC_C_LANGUAGE_STANDARD = gnu99;
				GCC_NO_COMMON_BLOCKS = YES;
				GCC_WARN_64_TO_32_BIT_CONVERSION = YES;
				GCC_WARN_ABOUT_RETURN_TYPE = YES_ERROR;
				GCC_WARN_UNDECLARED_SELECTOR = YES;
				GCC_WARN_UNINITIALIZED_AUTOS = YES_AGGRESSIVE;
				GCC_WARN_UNUSED_FUNCTION = YES;
				GCC_WARN_UNUSED_VARIABLE = YES;
				IPHONEOS_DEPLOYMENT_TARGET = 10.2;
				MTL_ENABLE_DEBUG_INFO = NO;
				SDKROOT = iphoneos;
				SWIFT_OPTIMIZATION_LEVEL = "-Owholemodule";
				TARGETED_DEVICE_FAMILY = "1,2";
				VALIDATE_PRODUCT = YES;
			};
			name = Release;
		};
		FAC419651EB54BF50074E320 /* Debug */ = {
			isa = XCBuildConfiguration;
			baseConfigurationReference = D3EF47762BCE15145CC3F336 /* Pods-SongsTest.debug.xcconfig */;
			buildSettings = {
				ASSETCATALOG_COMPILER_APPICON_NAME = AppIcon;
				DEVELOPMENT_TEAM = 734U73WU5K;
				INFOPLIST_FILE = SongsTest/Info.plist;
				LD_RUNPATH_SEARCH_PATHS = "$(inherited) @executable_path/Frameworks";
				PRODUCT_BUNDLE_IDENTIFIER = alexnoname.SongsTest;
				PRODUCT_NAME = "$(TARGET_NAME)";
				SWIFT_VERSION = 3.0;
			};
			name = Debug;
		};
		FAC419661EB54BF50074E320 /* Release */ = {
			isa = XCBuildConfiguration;
			baseConfigurationReference = 95A2A8DFB860FF58E3E3A164 /* Pods-SongsTest.release.xcconfig */;
			buildSettings = {
				ASSETCATALOG_COMPILER_APPICON_NAME = AppIcon;
				DEVELOPMENT_TEAM = 734U73WU5K;
				INFOPLIST_FILE = SongsTest/Info.plist;
				LD_RUNPATH_SEARCH_PATHS = "$(inherited) @executable_path/Frameworks";
				PRODUCT_BUNDLE_IDENTIFIER = alexnoname.SongsTest;
				PRODUCT_NAME = "$(TARGET_NAME)";
				SWIFT_VERSION = 3.0;
			};
			name = Release;
		};
		FAC419681EB54BF50074E320 /* Debug */ = {
			isa = XCBuildConfiguration;
			buildSettings = {
				ALWAYS_EMBED_SWIFT_STANDARD_LIBRARIES = YES;
				BUNDLE_LOADER = "$(TEST_HOST)";
				DEVELOPMENT_TEAM = 734U73WU5K;
				INFOPLIST_FILE = SongsTestTests/Info.plist;
				LD_RUNPATH_SEARCH_PATHS = "$(inherited) @executable_path/Frameworks @loader_path/Frameworks";
				PRODUCT_BUNDLE_IDENTIFIER = alexnoname.SongsTestTests;
				PRODUCT_NAME = "$(TARGET_NAME)";
				SWIFT_VERSION = 3.0;
				TEST_HOST = "$(BUILT_PRODUCTS_DIR)/SongsTest.app/SongsTest";
			};
			name = Debug;
		};
		FAC419691EB54BF50074E320 /* Release */ = {
			isa = XCBuildConfiguration;
			buildSettings = {
				ALWAYS_EMBED_SWIFT_STANDARD_LIBRARIES = YES;
				BUNDLE_LOADER = "$(TEST_HOST)";
				DEVELOPMENT_TEAM = 734U73WU5K;
				INFOPLIST_FILE = SongsTestTests/Info.plist;
				LD_RUNPATH_SEARCH_PATHS = "$(inherited) @executable_path/Frameworks @loader_path/Frameworks";
				PRODUCT_BUNDLE_IDENTIFIER = alexnoname.SongsTestTests;
				PRODUCT_NAME = "$(TARGET_NAME)";
				SWIFT_VERSION = 3.0;
				TEST_HOST = "$(BUILT_PRODUCTS_DIR)/SongsTest.app/SongsTest";
			};
			name = Release;
		};
		FAC4196B1EB54BF50074E320 /* Debug */ = {
			isa = XCBuildConfiguration;
			buildSettings = {
				ALWAYS_EMBED_SWIFT_STANDARD_LIBRARIES = YES;
				DEVELOPMENT_TEAM = 734U73WU5K;
				INFOPLIST_FILE = SongsTestUITests/Info.plist;
				LD_RUNPATH_SEARCH_PATHS = "$(inherited) @executable_path/Frameworks @loader_path/Frameworks";
				PRODUCT_BUNDLE_IDENTIFIER = alexnoname.SongsTestUITests;
				PRODUCT_NAME = "$(TARGET_NAME)";
				SWIFT_VERSION = 3.0;
				TEST_TARGET_NAME = SongsTest;
			};
			name = Debug;
		};
		FAC4196C1EB54BF50074E320 /* Release */ = {
			isa = XCBuildConfiguration;
			buildSettings = {
				ALWAYS_EMBED_SWIFT_STANDARD_LIBRARIES = YES;
				DEVELOPMENT_TEAM = 734U73WU5K;
				INFOPLIST_FILE = SongsTestUITests/Info.plist;
				LD_RUNPATH_SEARCH_PATHS = "$(inherited) @executable_path/Frameworks @loader_path/Frameworks";
				PRODUCT_BUNDLE_IDENTIFIER = alexnoname.SongsTestUITests;
				PRODUCT_NAME = "$(TARGET_NAME)";
				SWIFT_VERSION = 3.0;
				TEST_TARGET_NAME = SongsTest;
			};
			name = Release;
		};
/* End XCBuildConfiguration section */

/* Begin XCConfigurationList section */
		FAC419341EB54BF50074E320 /* Build configuration list for PBXProject "SongsTest" */ = {
			isa = XCConfigurationList;
			buildConfigurations = (
				FAC419621EB54BF50074E320 /* Debug */,
				FAC419631EB54BF50074E320 /* Release */,
			);
			defaultConfigurationIsVisible = 0;
			defaultConfigurationName = Release;
		};
		FAC419641EB54BF50074E320 /* Build configuration list for PBXNativeTarget "SongsTest" */ = {
			isa = XCConfigurationList;
			buildConfigurations = (
				FAC419651EB54BF50074E320 /* Debug */,
				FAC419661EB54BF50074E320 /* Release */,
			);
			defaultConfigurationIsVisible = 0;
			defaultConfigurationName = Release;
		};
		FAC419671EB54BF50074E320 /* Build configuration list for PBXNativeTarget "SongsTestTests" */ = {
			isa = XCConfigurationList;
			buildConfigurations = (
				FAC419681EB54BF50074E320 /* Debug */,
				FAC419691EB54BF50074E320 /* Release */,
			);
			defaultConfigurationIsVisible = 0;
			defaultConfigurationName = Release;
		};
		FAC4196A1EB54BF50074E320 /* Build configuration list for PBXNativeTarget "SongsTestUITests" */ = {
			isa = XCConfigurationList;
			buildConfigurations = (
				FAC4196B1EB54BF50074E320 /* Debug */,
				FAC4196C1EB54BF50074E320 /* Release */,
			);
			defaultConfigurationIsVisible = 0;
			defaultConfigurationName = Release;
		};
/* End XCConfigurationList section */

/* Begin XCVersionGroup section */
		FAC419431EB54BF50074E320 /* SongsTest.xcdatamodeld */ = {
			isa = XCVersionGroup;
			children = (
				FAC419441EB54BF50074E320 /* SongsTest.xcdatamodel */,
			);
			currentVersion = FAC419441EB54BF50074E320 /* SongsTest.xcdatamodel */;
			path = SongsTest.xcdatamodeld;
			sourceTree = "<group>";
			versionGroupType = wrapper.xcdatamodel;
		};
/* End XCVersionGroup section */
	};
	rootObject = FAC419311EB54BF50074E320 /* Project object */;
}
